
Microsoft Visual Studio Solution File, Format Version 12.00
# Visual Studio Version 17
VisualStudioVersion = 17.7.34221.43
MinimumVisualStudioVersion = 10.0.40219.1
Project("{FAE04EC0-301F-11D3-BF4B-00C04F79EFBC}") = "uçantopoyunuu", "uçantopoyunuu\uçantopoyunuu.csproj", "{AF0EF9A6-CD33-450C-ADB4-0A5687A90D94}"
EndProject
Global
	GlobalSection(SolutionConfigurationPlatforms) = preSolution
		Debug|Any CPU = Debug|Any CPU
		Release|Any CPU = Release|Any CPU
	EndGlobalSection
	GlobalSection(ProjectConfigurationPlatforms) = postSolution
		{AF0EF9A6-CD33-450C-ADB4-0A5687A90D94}.Debug|Any CPU.ActiveCfg = Debug|Any CPU
		{AF0EF9A6-CD33-450C-ADB4-0A5687A90D94}.Debug|Any CPU.Build.0 = Debug|Any CPU
		{AF0EF9A6-CD33-450C-ADB4-0A5687A90D94}.Release|Any CPU.ActiveCfg = Release|Any CPU
		{AF0EF9A6-CD33-450C-ADB4-0A5687A90D94}.Release|Any CPU.Build.0 = Release|Any CPU
	EndGlobalSection
	GlobalSection(SolutionProperties) = preSolution
		HideSolutionNode = FALSE
	EndGlobalSection
	GlobalSection(ExtensibilityGlobals) = postSolution
		SolutionGuid = {5CEFBB95-09AC-45CC-B2CE-E9ECA4DBB6C2}
	EndGlobalSection
EndGlobal
